# THIS IS AN AUTOGENERATED FILE. DO NOT EDIT THIS FILE DIRECTLY.
# yarn lockfile v1


argparse@^2.0.1:
  version "2.0.1"
  resolved "https://registry.yarnpkg.com/argparse/-/argparse-2.0.1.tgz#246f50f3ca78a3240f6c997e8a9bd1eac49e4b38"
  integrity sha512-8+9WqebbFzpX9OR+Wa6O29asIogeRMzcGtAINdpMHHyAg10f05aSFVBbcEqGf/PXw1EjAZ+q2/bEBg3DvurK3Q==

diff@8.0.3:
  version "8.0.3"
  resolved "https://registry.yarnpkg.com/diff/-/diff-8.0.3.tgz#c7da3d9e0e8c283bb548681f8d7174653720c2d5"
  integrity sha512-qejHi7bcSD4hQAZE0tNAawRK1ZtafHDmMTMkrrIGgSLl7hTnQHmKCeB45xAcbfTqK2zowkM3j3bHt/4b/ARbYQ==

js-yaml@4.3.2:
  version "4.3.2"
  resolved "https://registry.yarnpkg.com/js-yaml/-/js-yaml-4.3.2.tgz#8e44fb14a2643c59726bb15787b5f1512cb3d3fb"
  integrity sha512-SFNOvSJ+Dgf/9An904Yx+CgSlIPCkIpao4qo51lpee25TIRejdH3rhR4EZMGoNx3/TP3O+wzWuiTFl4sqbltzA==
  dependencies:
    argparse "^2.0.1"

serialize-javascript@7.0.5:
  version "7.0.5"
  resolved "https://registry.yarnpkg.com/serialize-javascript/-/serialize-javascript-7.0.5.tgz#c798cc0552ffbb08981914a42a8756e339d0d5b1"
  integrity sha512-F4LcB0UqUl1zErq+1nYEEzSHJnIwb3AF2XWB94b+afhrekOUijwooAYqFyRbjYkm2PAKBabx6oYv/xDxNi8IBw==
